
Microsoft Visual Studio Solution File, Format Version 12.00
# Visual Studio 15
VisualStudioVersion = 15.0.28307.1340
MinimumVisualStudioVersion = 10.0.40219.1
Project("{FAE04EC0-301F-11D3-BF4B-00C04F79EFBC}") = "TestDataGenerator", "TestDataGenerator\TestDataGenerator.csproj", "{DD943B64-9F5F-472F-A04C-4E1F04CEE677}"
EndProject
Global
	GlobalSection(SolutionConfigurationPlatforms) = preSolution
		Debug|Any CPU = Debug|Any CPU
		Release|Any CPU = Release|Any CPU
	EndGlobalSection
	GlobalSection(ProjectConfigurationPlatforms) = postSolution
		{DD943B64-9F5F-472F-A04C-4E1F04CEE677}.Debug|Any CPU.ActiveCfg = Debug|Any CPU
		{DD943B64-9F5F-472F-A04C-4E1F04CEE677}.Debug|Any CPU.Build.0 = Debug|Any CPU
		{DD943B64-9F5F-472F-A04C-4E1F04CEE677}.Release|Any CPU.ActiveCfg = Release|Any CPU
		{DD943B64-9F5F-472F-A04C-4E1F04CEE677}.Release|Any CPU.Build.0 = Release|Any CPU
	EndGlobalSection
	GlobalSection(SolutionProperties) = preSolution
		HideSolutionNode = FALSE
	EndGlobalSection
	GlobalSection(ExtensibilityGlobals) = postSolution
		SolutionGuid = {33633EF2-10E1-4A2F-8D01-844509A9B667}
	EndGlobalSection
EndGlobal
